
Microsoft Visual Studio Solution File, Format Version 12.00
# Visual Studio Version 16
VisualStudioVersion = 16.0.30011.22
MinimumVisualStudioVersion = 10.0.40219.1
Project("{9A19103F-16F7-4668-BE54-9A1E7A4F7556}") = "shop", "shop\shop.csproj", "{FEC4C402-6A62-4F9F-9AF6-D50D38D30F61}"
EndProject
Global
	GlobalSection(SolutionConfigurationPlatforms) = preSolution
		Debug|Any CPU = Debug|Any CPU
		Release|Any CPU = Release|Any CPU
	EndGlobalSection
	GlobalSection(ProjectConfigurationPlatforms) = postSolution
		{FEC4C402-6A62-4F9F-9AF6-D50D38D30F61}.Debug|Any CPU.ActiveCfg = Debug|Any CPU
		{FEC4C402-6A62-4F9F-9AF6-D50D38D30F61}.Debug|Any CPU.Build.0 = Debug|Any CPU
		{FEC4C402-6A62-4F9F-9AF6-D50D38D30F61}.Release|Any CPU.ActiveCfg = Release|Any CPU
		{FEC4C402-6A62-4F9F-9AF6-D50D38D30F61}.Release|Any CPU.Build.0 = Release|Any CPU
	EndGlobalSection
	GlobalSection(SolutionProperties) = preSolution
		HideSolutionNode = FALSE
	EndGlobalSection
	GlobalSection(ExtensibilityGlobals) = postSolution
		SolutionGuid = {16358BD3-CF45-493D-A224-D40CD1D1C242}
	EndGlobalSection
EndGlobal
