
Microsoft Visual Studio Solution File, Format Version 12.00
# Visual Studio Version 16
VisualStudioVersion = 16.0.30011.22
MinimumVisualStudioVersion = 10.0.40219.1
Project("{FAE04EC0-301F-11D3-BF4B-00C04F79EFBC}") = "RiskAndRequiredRateOfReturn", "RiskAndRequiredRateOfReturn\RiskAndRequiredRateOfReturn.csproj", "{54148B5E-CE26-497C-A518-BBD577277AC4}"
EndProject
Global
	GlobalSection(SolutionConfigurationPlatforms) = preSolution
		Debug|Any CPU = Debug|Any CPU
		Release|Any CPU = Release|Any CPU
	EndGlobalSection
	GlobalSection(ProjectConfigurationPlatforms) = postSolution
		{54148B5E-CE26-497C-A518-BBD577277AC4}.Debug|Any CPU.ActiveCfg = Debug|Any CPU
		{54148B5E-CE26-497C-A518-BBD577277AC4}.Debug|Any CPU.Build.0 = Debug|Any CPU
		{54148B5E-CE26-497C-A518-BBD577277AC4}.Release|Any CPU.ActiveCfg = Release|Any CPU
		{54148B5E-CE26-497C-A518-BBD577277AC4}.Release|Any CPU.Build.0 = Release|Any CPU
	EndGlobalSection
	GlobalSection(SolutionProperties) = preSolution
		HideSolutionNode = FALSE
	EndGlobalSection
	GlobalSection(ExtensibilityGlobals) = postSolution
		SolutionGuid = {5171C630-D9B4-4368-92FD-8580FFC85A0E}
	EndGlobalSection
EndGlobal
